
Microsoft Visual Studio Solution File, Format Version 12.00
# Visual Studio Version 17
VisualStudioVersion = 17.10.35013.160
MinimumVisualStudioVersion = 10.0.40219.1
Project("{FAE04EC0-301F-11D3-BF4B-00C04F79EFBC}") = "PetsApp", "PetsApp.csproj", "{27FA817F-13CA-45DD-9E4D-0148F58F7163}"
EndProject
Global
	GlobalSection(SolutionConfigurationPlatforms) = preSolution
		Debug|Any CPU = Debug|Any CPU
		Release|Any CPU = Release|Any CPU
	EndGlobalSection
	GlobalSection(ProjectConfigurationPlatforms) = postSolution
		{27FA817F-13CA-45DD-9E4D-0148F58F7163}.Debug|Any CPU.ActiveCfg = Debug|Any CPU
		{27FA817F-13CA-45DD-9E4D-0148F58F7163}.Debug|Any CPU.Build.0 = Debug|Any CPU
		{27FA817F-13CA-45DD-9E4D-0148F58F7163}.Release|Any CPU.ActiveCfg = Release|Any CPU
		{27FA817F-13CA-45DD-9E4D-0148F58F7163}.Release|Any CPU.Build.0 = Release|Any CPU
	EndGlobalSection
	GlobalSection(SolutionProperties) = preSolution
		HideSolutionNode = FALSE
	EndGlobalSection
	GlobalSection(ExtensibilityGlobals) = postSolution
		SolutionGuid = {935B0A36-DAC3-462E-A949-94634997C6F4}
	EndGlobalSection
EndGlobal
